
Microsoft Visual Studio Solution File, Format Version 12.00
# Visual Studio Version 17
VisualStudioVersion = 17.5.33530.505
MinimumVisualStudioVersion = 10.0.40219.1
Project("{9A19103F-16F7-4668-BE54-9A1E7A4F7556}") = "XO.EntityFrameworkCore.NpgsqlJsonSerializerOptions", "XO.EntityFrameworkCore.NpgsqlJsonSerializerOptions\XO.EntityFrameworkCore.NpgsqlJsonSerializerOptions.csproj", "{504FD595-ABC7-480A-98F7-9FA9BDD9A2F0}"
EndProject
Project("{2150E333-8FDC-42A3-9474-1A3956D46DE8}") = "Solution Items", "Solution Items", "{6460FB90-F155-49F4-9A89-6A23C9C104EF}"
	ProjectSection(SolutionItems) = preProject
		.editorconfig = .editorconfig
		.git-blame-ignore-revs = .git-blame-ignore-revs
		.gitattributes = .gitattributes
		.gitignore = .gitignore
		.github\workflows\ci.yml = .github\workflows\ci.yml
		Directory.Build.props = Directory.Build.props
		version.json = version.json
	EndProjectSection
EndProject
Project("{9A19103F-16F7-4668-BE54-9A1E7A4F7556}") = "XO.EntityFrameworkCore.Tests", "XO.EntityFrameworkCore.Tests\XO.EntityFrameworkCore.Tests.csproj", "{982C721F-B0D4-49BA-B1FC-2EE7CE0704D6}"
EndProject
Global
	GlobalSection(SolutionConfigurationPlatforms) = preSolution
		Debug|Any CPU = Debug|Any CPU
		Release|Any CPU = Release|Any CPU
	EndGlobalSection
	GlobalSection(ProjectConfigurationPlatforms) = postSolution
		{504FD595-ABC7-480A-98F7-9FA9BDD9A2F0}.Debug|Any CPU.ActiveCfg = Debug|Any CPU
		{504FD595-ABC7-480A-98F7-9FA9BDD9A2F0}.Debug|Any CPU.Build.0 = Debug|Any CPU
		{504FD595-ABC7-480A-98F7-9FA9BDD9A2F0}.Release|Any CPU.ActiveCfg = Release|Any CPU
		{504FD595-ABC7-480A-98F7-9FA9BDD9A2F0}.Release|Any CPU.Build.0 = Release|Any CPU
		{982C721F-B0D4-49BA-B1FC-2EE7CE0704D6}.Debug|Any CPU.ActiveCfg = Debug|Any CPU
		{982C721F-B0D4-49BA-B1FC-2EE7CE0704D6}.Debug|Any CPU.Build.0 = Debug|Any CPU
		{982C721F-B0D4-49BA-B1FC-2EE7CE0704D6}.Release|Any CPU.ActiveCfg = Release|Any CPU
		{982C721F-B0D4-49BA-B1FC-2EE7CE0704D6}.Release|Any CPU.Build.0 = Release|Any CPU
	EndGlobalSection
	GlobalSection(SolutionProperties) = preSolution
		HideSolutionNode = FALSE
	EndGlobalSection
	GlobalSection(ExtensibilityGlobals) = postSolution
		SolutionGuid = {157A3844-501D-478C-B177-E1B4CA3CE097}
	EndGlobalSection
EndGlobal
